
Microsoft Visual Studio Solution File, Format Version 12.00
# Visual Studio Version 16
VisualStudioVersion = 16.0.29613.14
MinimumVisualStudioVersion = 10.0.40219.1
Project("{FAE04EC0-301F-11D3-BF4B-00C04F79EFBC}") = "proekt", "proekt.csproj", "{01795B24-A339-4BB2-8085-152F1EEF172E}"
EndProject
Global
	GlobalSection(SolutionConfigurationPlatforms) = preSolution
		Debug|Any CPU = Debug|Any CPU
		Release|Any CPU = Release|Any CPU
	EndGlobalSection
	GlobalSection(ProjectConfigurationPlatforms) = postSolution
		{01795B24-A339-4BB2-8085-152F1EEF172E}.Debug|Any CPU.ActiveCfg = Debug|Any CPU
		{01795B24-A339-4BB2-8085-152F1EEF172E}.Debug|Any CPU.Build.0 = Debug|Any CPU
		{01795B24-A339-4BB2-8085-152F1EEF172E}.Release|Any CPU.ActiveCfg = Release|Any CPU
		{01795B24-A339-4BB2-8085-152F1EEF172E}.Release|Any CPU.Build.0 = Release|Any CPU
	EndGlobalSection
	GlobalSection(SolutionProperties) = preSolution
		HideSolutionNode = FALSE
	EndGlobalSection
	GlobalSection(ExtensibilityGlobals) = postSolution
		SolutionGuid = {9C86142A-822C-4FF1-B4F2-728DA9884B8D}
	EndGlobalSection
EndGlobal
